{
  "version": 4,
  "terraform_version": "1.10.5",
  "serial": 35,
  "lineage": "529804df-84ce-b448-2c9f-1300c52eb0e0",
  "outputs": {},
  "resources": [
    {
      "module": "module.gitlab-docker",
      "mode": "managed",
      "type": "docker_container",
      "name": "gitlab-ce",
      "provider": "module.gitlab-docker.provider[\"registry.terraform.io/kreuzwerker/docker\"]",
      "instances": [
        {
          "schema_version": 2,
          "attributes": {
            "attach": false,
            "bridge": "",
            "capabilities": [],
            "cgroupns_mode": null,
            "command": [
              "/assets/wrapper"
            ],
            "container_logs": null,
            "container_read_refresh_timeout_milliseconds": 15000,
            "cpu_set": "",
            "cpu_shares": 0,
            "destroy_grace_seconds": null,
            "devices": [],
            "dns": null,
            "dns_opts": null,
            "dns_search": null,
            "domainname": "",
            "entrypoint": [],
            "env": [
              "GITLAB_OMNIBUS_CONFIG = external_url http://localhost"
            ],
            "exit_code": null,
            "gpus": null,
            "group_add": null,
            "healthcheck": [
              {
                "interval": "1m0s",
                "retries": 5,
                "start_period": "0s",
                "test": [
                  "CMD-SHELL",
                  "/opt/gitlab/bin/gitlab-healthcheck --fail --max-time 10"
                ],
                "timeout": "30s"
              }
            ],
            "host": [],
            "hostname": "localhost",
            "id": "63cd9051578c22901fd1cdf32a5a68bde2052eb02d8fe2b72d374ab4eba5b471",
            "image": "sha256:4d1957243e77958688656da94166c2fc292c06e522ca8b140da0d777b5bd04fc",
            "init": false,
            "ipc_mode": "private",
            "labels": [],
            "log_driver": "json-file",
            "log_opts": null,
            "logs": false,
            "max_retry_count": 0,
            "memory": 0,
            "memory_swap": 0,
            "mounts": [],
            "must_run": true,
            "name": "gitlab-ce",
            "network_data": [
              {
                "gateway": "172.19.0.1",
                "global_ipv6_address": "",
                "global_ipv6_prefix_length": 0,
                "ip_address": "172.19.0.3",
                "ip_prefix_length": 16,
                "ipv6_gateway": "",
                "mac_address": "02:42:ac:13:00:03",
                "network_name": "gitlab-network"
              }
            ],
            "network_mode": "bridge",
            "networks_advanced": [
              {
                "aliases": [],
                "ipv4_address": "",
                "ipv6_address": "",
                "name": "gitlab-network"
              }
            ],
            "pid_mode": "",
            "ports": [
              {
                "external": 8080,
                "internal": 80,
                "ip": "0.0.0.0",
                "protocol": "tcp"
              },
              {
                "external": 8443,
                "internal": 443,
                "ip": "0.0.0.0",
                "protocol": "tcp"
              }
            ],
            "privileged": false,
            "publish_all_ports": false,
            "read_only": false,
            "remove_volumes": true,
            "restart": "no",
            "rm": false,
            "runtime": "runc",
            "security_opts": [],
            "shm_size": 64,
            "start": true,
            "stdin_open": false,
            "stop_signal": "",
            "stop_timeout": 0,
            "storage_opts": null,
            "sysctls": null,
            "tmpfs": null,
            "tty": false,
            "ulimit": [],
            "upload": [],
            "user": "",
            "userns_mode": "",
            "volumes": [
              {
                "container_path": "/etc/gitlab",
                "from_container": "",
                "host_path": "/c/Users/Anthony/Documents/Repo/Gitlab/config",
                "read_only": null,
                "volume_name": ""
              },
              {
                "container_path": "/etc/log/gitlab",
                "from_container": "",
                "host_path": "/c/Users/Anthony/Documents/Repo/Gitlab/logs",
                "read_only": null,
                "volume_name": ""
              },
              {
                "container_path": "/etc/opt/gitlab",
                "from_container": "",
                "host_path": "/c/Users/Anthony/Documents/Repo/Gitlab/data",
                "read_only": null,
                "volume_name": ""
              }
            ],
            "wait": false,
            "wait_timeout": 60,
            "working_dir": ""
          },
          "sensitive_attributes": [],
          "private": "eyJzY2hlbWFfdmVyc2lvbiI6IjIifQ==",
          "dependencies": [
            "module.gitlab-docker.docker_image.gitlab"
          ]
        }
      ]
    },
    {
      "module": "module.gitlab-docker",
      "mode": "managed",
      "type": "docker_container",
      "name": "gitlab-runner",
      "provider": "module.gitlab-docker.provider[\"registry.terraform.io/kreuzwerker/docker\"]",
      "instances": [
        {
          "schema_version": 2,
          "attributes": {
            "attach": false,
            "bridge": "",
            "capabilities": [],
            "cgroupns_mode": null,
            "command": [
              "run",
              "--user=gitlab-runner",
              "--working-directory=/home/gitlab-runner"
            ],
            "container_logs": null,
            "container_read_refresh_timeout_milliseconds": 15000,
            "cpu_set": "",
            "cpu_shares": 0,
            "destroy_grace_seconds": null,
            "devices": [],
            "dns": null,
            "dns_opts": null,
            "dns_search": null,
            "domainname": "",
            "entrypoint": [
              "/usr/bin/dumb-init",
              "/entrypoint"
            ],
            "env": [],
            "exit_code": null,
            "gpus": null,
            "group_add": null,
            "healthcheck": null,
            "host": [],
            "hostname": "eae30237bd51",
            "id": "eae30237bd51890854a1fb80b557beb0337dffad18f0b5a7a4172ea5c7c83225",
            "image": "sha256:731ae336fdd65d3794684b096482b0cea7d24dfcfb9875e593373f67c150bd8d",
            "init": false,
            "ipc_mode": "private",
            "labels": [],
            "log_driver": "json-file",
            "log_opts": null,
            "logs": false,
            "max_retry_count": 0,
            "memory": 0,
            "memory_swap": 0,
            "mounts": [],
            "must_run": true,
            "name": "gitlab-runner",
            "network_data": [
              {
                "gateway": "172.19.0.1",
                "global_ipv6_address": "",
                "global_ipv6_prefix_length": 0,
                "ip_address": "172.19.0.2",
                "ip_prefix_length": 16,
                "ipv6_gateway": "",
                "mac_address": "02:42:ac:13:00:02",
                "network_name": "gitlab-network"
              }
            ],
            "network_mode": "bridge",
            "networks_advanced": [
              {
                "aliases": [],
                "ipv4_address": "",
                "ipv6_address": "",
                "name": "gitlab-network"
              }
            ],
            "pid_mode": "",
            "ports": [],
            "privileged": false,
            "publish_all_ports": false,
            "read_only": false,
            "remove_volumes": true,
            "restart": "no",
            "rm": false,
            "runtime": "runc",
            "security_opts": [],
            "shm_size": 64,
            "start": true,
            "stdin_open": false,
            "stop_signal": "SIGQUIT",
            "stop_timeout": 0,
            "storage_opts": null,
            "sysctls": null,
            "tmpfs": null,
            "tty": false,
            "ulimit": [],
            "upload": [],
            "user": "",
            "userns_mode": "",
            "volumes": [
              {
                "container_path": "/etc/gitlab-runner",
                "from_container": "",
                "host_path": "/c/Users/Anthony/Documents/Repo/Gitlab/gitlab-runner",
                "read_only": null,
                "volume_name": ""
              },
              {
                "container_path": "/var/run/docker.sock",
                "from_container": "",
                "host_path": "/var/run/docker.sock",
                "read_only": null,
                "volume_name": ""
              }
            ],
            "wait": false,
            "wait_timeout": 60,
            "working_dir": "/"
          },
          "sensitive_attributes": [],
          "private": "eyJzY2hlbWFfdmVyc2lvbiI6IjIifQ==",
          "dependencies": [
            "module.gitlab-docker.docker_image.gitlab-runner"
          ]
        }
      ]
    },
    {
      "module": "module.gitlab-docker",
      "mode": "managed",
      "type": "docker_image",
      "name": "gitlab",
      "provider": "module.gitlab-docker.provider[\"registry.terraform.io/kreuzwerker/docker\"]",
      "instances": [
        {
          "schema_version": 0,
          "attributes": {
            "build": [],
            "force_remove": null,
            "id": "sha256:4d1957243e77958688656da94166c2fc292c06e522ca8b140da0d777b5bd04fcgitlab/gitlab-ce:latest",
            "image_id": "sha256:4d1957243e77958688656da94166c2fc292c06e522ca8b140da0d777b5bd04fc",
            "keep_locally": true,
            "name": "gitlab/gitlab-ce:latest",
            "platform": null,
            "pull_triggers": null,
            "repo_digest": "gitlab/gitlab-ce@sha256:15c994e55cb367d8b16148f5eabaf73e915c7e9c5d2913a522f81a7db7c829f7",
            "triggers": null
          },
          "sensitive_attributes": [],
          "private": "bnVsbA=="
        }
      ]
    },
    {
      "module": "module.gitlab-docker",
      "mode": "managed",
      "type": "docker_image",
      "name": "gitlab-runner",
      "provider": "module.gitlab-docker.provider[\"registry.terraform.io/kreuzwerker/docker\"]",
      "instances": [
        {
          "schema_version": 0,
          "attributes": {
            "build": [],
            "force_remove": null,
            "id": "sha256:731ae336fdd65d3794684b096482b0cea7d24dfcfb9875e593373f67c150bd8dgitlab/gitlab-runner:alpine",
            "image_id": "sha256:731ae336fdd65d3794684b096482b0cea7d24dfcfb9875e593373f67c150bd8d",
            "keep_locally": true,
            "name": "gitlab/gitlab-runner:alpine",
            "platform": null,
            "pull_triggers": null,
            "repo_digest": "gitlab/gitlab-runner@sha256:3db44eb757b0284758d35f77b489fac2d8e6cb31281cc7196eb3fdbc65f4bcde",
            "triggers": null
          },
          "sensitive_attributes": [],
          "private": "bnVsbA=="
        }
      ]
    },
    {
      "module": "module.gitlab-docker",
      "mode": "managed",
      "type": "docker_network",
      "name": "bridge_network",
      "provider": "module.gitlab-docker.provider[\"registry.terraform.io/kreuzwerker/docker\"]",
      "instances": [
        {
          "schema_version": 1,
          "attributes": {
            "attachable": false,
            "check_duplicate": null,
            "driver": "bridge",
            "id": "026cbf901c80646fb2b2ae4a403832b1ea9a0c4aa0c54241b173e2cd632e9948",
            "ingress": false,
            "internal": false,
            "ipam_config": [
              {
                "aux_address": {},
                "gateway": "172.19.0.1",
                "ip_range": "",
                "subnet": "172.19.0.0/16"
              }
            ],
            "ipam_driver": "default",
            "ipam_options": null,
            "ipv6": false,
            "labels": [],
            "name": "gitlab-network",
            "options": {},
            "scope": "local"
          },
          "sensitive_attributes": [],
          "private": "eyJzY2hlbWFfdmVyc2lvbiI6IjEifQ=="
        }
      ]
    }
  ],
  "check_results": null
}
